
Microsoft Visual Studio Solution File, Format Version 12.00
# Visual Studio Version 17
VisualStudioVersion = 17.0.31903.59
MinimumVisualStudioVersion = 10.0.40219.1
Project("{9A19103F-16F7-4668-BE54-9A1E7A4F7556}") = "JagoRTT.domain", "JagoRTT\JagoRTT.domain.csproj", "{93665DF2-8315-4D35-A6E2-71E7F1177D84}"
EndProject
Project("{2150E333-8FDC-42A3-9474-1A3956D46DE8}") = "1 - Domain", "1 - Domain", "{EB3D58CB-FAA8-4BC5-B454-8982BBFAFADE}"
EndProject
Project("{FAE04EC0-301F-11D3-BF4B-00C04F79EFBC}") = "JagoRTT.Infrastructure", "JagoRTT.Infrastructure\JagoRTT.Infrastructure.csproj", "{F3CDE39E-23DB-4743-A0E5-35BD974C9445}"
EndProject
Project("{FAE04EC0-301F-11D3-BF4B-00C04F79EFBC}") = "JagoRTT.IoC", "JagoRTT.IoC\JagoRTT.IoC.csproj", "{2918DE7C-3C8F-4A5A-B747-24D28229AA67}"
EndProject
Project("{2150E333-8FDC-42A3-9474-1A3956D46DE8}") = "2 - Infrastructure", "2 - Infrastructure", "{CA638324-864D-40CA-B846-483425FD5FA2}"
EndProject
Project("{2150E333-8FDC-42A3-9474-1A3956D46DE8}") = "Data", "Data", "{2E2691C0-224F-4800-9367-FCD06835C31E}"
EndProject
Project("{2150E333-8FDC-42A3-9474-1A3956D46DE8}") = "Infra", "Infra", "{2E3389E9-406B-4AB3-AD80-58F4DE78ED7E}"
EndProject
Project("{2150E333-8FDC-42A3-9474-1A3956D46DE8}") = "IoC", "IoC", "{962E6FBC-E25E-4EFB-B80D-DD01F0E15CFD}"
EndProject
Project("{2150E333-8FDC-42A3-9474-1A3956D46DE8}") = "Solution Items", "Solution Items", "{5DAC01FC-F426-45D9-AE28-104F9B13AD3E}"
	ProjectSection(SolutionItems) = preProject
		.editorconfig = .editorconfig
	EndProjectSection
EndProject
Global
	GlobalSection(SolutionConfigurationPlatforms) = preSolution
		Debug|Any CPU = Debug|Any CPU
		Release|Any CPU = Release|Any CPU
	EndGlobalSection
	GlobalSection(ProjectConfigurationPlatforms) = postSolution
		{93665DF2-8315-4D35-A6E2-71E7F1177D84}.Debug|Any CPU.ActiveCfg = Debug|Any CPU
		{93665DF2-8315-4D35-A6E2-71E7F1177D84}.Debug|Any CPU.Build.0 = Debug|Any CPU
		{93665DF2-8315-4D35-A6E2-71E7F1177D84}.Release|Any CPU.ActiveCfg = Release|Any CPU
		{93665DF2-8315-4D35-A6E2-71E7F1177D84}.Release|Any CPU.Build.0 = Release|Any CPU
		{F3CDE39E-23DB-4743-A0E5-35BD974C9445}.Debug|Any CPU.ActiveCfg = Debug|Any CPU
		{F3CDE39E-23DB-4743-A0E5-35BD974C9445}.Debug|Any CPU.Build.0 = Debug|Any CPU
		{F3CDE39E-23DB-4743-A0E5-35BD974C9445}.Release|Any CPU.ActiveCfg = Release|Any CPU
		{F3CDE39E-23DB-4743-A0E5-35BD974C9445}.Release|Any CPU.Build.0 = Release|Any CPU
		{2918DE7C-3C8F-4A5A-B747-24D28229AA67}.Debug|Any CPU.ActiveCfg = Debug|Any CPU
		{2918DE7C-3C8F-4A5A-B747-24D28229AA67}.Debug|Any CPU.Build.0 = Debug|Any CPU
		{2918DE7C-3C8F-4A5A-B747-24D28229AA67}.Release|Any CPU.ActiveCfg = Release|Any CPU
		{2918DE7C-3C8F-4A5A-B747-24D28229AA67}.Release|Any CPU.Build.0 = Release|Any CPU
	EndGlobalSection
	GlobalSection(SolutionProperties) = preSolution
		HideSolutionNode = FALSE
	EndGlobalSection
	GlobalSection(NestedProjects) = preSolution
		{93665DF2-8315-4D35-A6E2-71E7F1177D84} = {EB3D58CB-FAA8-4BC5-B454-8982BBFAFADE}
		{F3CDE39E-23DB-4743-A0E5-35BD974C9445} = {2E3389E9-406B-4AB3-AD80-58F4DE78ED7E}
		{2918DE7C-3C8F-4A5A-B747-24D28229AA67} = {962E6FBC-E25E-4EFB-B80D-DD01F0E15CFD}
		{2E2691C0-224F-4800-9367-FCD06835C31E} = {CA638324-864D-40CA-B846-483425FD5FA2}
		{2E3389E9-406B-4AB3-AD80-58F4DE78ED7E} = {2E2691C0-224F-4800-9367-FCD06835C31E}
		{962E6FBC-E25E-4EFB-B80D-DD01F0E15CFD} = {2E2691C0-224F-4800-9367-FCD06835C31E}
	EndGlobalSection
	GlobalSection(ExtensibilityGlobals) = postSolution
		SolutionGuid = {F0381119-4488-40A9-9048-D9FF8583969F}
	EndGlobalSection
EndGlobal
